
Microsoft Visual Studio Solution File, Format Version 12.00
# Visual Studio Version 17
VisualStudioVersion = 17.8.0.0
MinimumVisualStudioVersion = 17.8.0.0
Project("{9A19103F-16F7-4668-BE54-9A1E7A4F7556}") = "AzureDocGen.AppHost", "AzureDocGen.AppHost\AzureDocGen.AppHost.csproj", "{F25BF6BA-BE82-40C3-9F1C-B8A281CCECC6}"
EndProject
Project("{9A19103F-16F7-4668-BE54-9A1E7A4F7556}") = "AzureDocGen.ServiceDefaults", "AzureDocGen.ServiceDefaults\AzureDocGen.ServiceDefaults.csproj", "{81764E45-0613-41DA-B5DF-AA1A89ADFDC5}"
EndProject
Project("{9A19103F-16F7-4668-BE54-9A1E7A4F7556}") = "AzureDocGen.ApiService", "AzureDocGen.ApiService\AzureDocGen.ApiService.csproj", "{545FF106-2801-4ADD-B098-3DEF8C1E1ACA}"
EndProject
Project("{9A19103F-16F7-4668-BE54-9A1E7A4F7556}") = "AzureDocGen.Web", "AzureDocGen.Web\AzureDocGen.Web.csproj", "{776D982F-760F-4A3B-8621-CF7D9C477919}"
EndProject
Project("{FAE04EC0-301F-11D3-BF4B-00C04F79EFBC}") = "AzureDocGen.Data", "AzureDocGen.Data\AzureDocGen.Data.csproj", "{A7DCE7E0-ECF3-40E9-B453-D0E388E4BF65}"
EndProject
Project("{FAE04EC0-301F-11D3-BF4B-00C04F79EFBC}") = "AzureDocGen.MigrationService", "AzureDocGen.MigrationService\AzureDocGen.MigrationService.csproj", "{E391F0F9-23F9-4A0B-AF82-6DE44406390E}"
EndProject
Global
	GlobalSection(SolutionConfigurationPlatforms) = preSolution
		Debug|Any CPU = Debug|Any CPU
		Debug|x64 = Debug|x64
		Debug|x86 = Debug|x86
		Release|Any CPU = Release|Any CPU
		Release|x64 = Release|x64
		Release|x86 = Release|x86
	EndGlobalSection
	GlobalSection(ProjectConfigurationPlatforms) = postSolution
		{F25BF6BA-BE82-40C3-9F1C-B8A281CCECC6}.Debug|Any CPU.ActiveCfg = Debug|Any CPU
		{F25BF6BA-BE82-40C3-9F1C-B8A281CCECC6}.Debug|Any CPU.Build.0 = Debug|Any CPU
		{F25BF6BA-BE82-40C3-9F1C-B8A281CCECC6}.Debug|x64.ActiveCfg = Debug|Any CPU
		{F25BF6BA-BE82-40C3-9F1C-B8A281CCECC6}.Debug|x64.Build.0 = Debug|Any CPU
		{F25BF6BA-BE82-40C3-9F1C-B8A281CCECC6}.Debug|x86.ActiveCfg = Debug|Any CPU
		{F25BF6BA-BE82-40C3-9F1C-B8A281CCECC6}.Debug|x86.Build.0 = Debug|Any CPU
		{F25BF6BA-BE82-40C3-9F1C-B8A281CCECC6}.Release|Any CPU.ActiveCfg = Release|Any CPU
		{F25BF6BA-BE82-40C3-9F1C-B8A281CCECC6}.Release|Any CPU.Build.0 = Release|Any CPU
		{F25BF6BA-BE82-40C3-9F1C-B8A281CCECC6}.Release|x64.ActiveCfg = Release|Any CPU
		{F25BF6BA-BE82-40C3-9F1C-B8A281CCECC6}.Release|x64.Build.0 = Release|Any CPU
		{F25BF6BA-BE82-40C3-9F1C-B8A281CCECC6}.Release|x86.ActiveCfg = Release|Any CPU
		{F25BF6BA-BE82-40C3-9F1C-B8A281CCECC6}.Release|x86.Build.0 = Release|Any CPU
		{81764E45-0613-41DA-B5DF-AA1A89ADFDC5}.Debug|Any CPU.ActiveCfg = Debug|Any CPU
		{81764E45-0613-41DA-B5DF-AA1A89ADFDC5}.Debug|Any CPU.Build.0 = Debug|Any CPU
		{81764E45-0613-41DA-B5DF-AA1A89ADFDC5}.Debug|x64.ActiveCfg = Debug|Any CPU
		{81764E45-0613-41DA-B5DF-AA1A89ADFDC5}.Debug|x64.Build.0 = Debug|Any CPU
		{81764E45-0613-41DA-B5DF-AA1A89ADFDC5}.Debug|x86.ActiveCfg = Debug|Any CPU
		{81764E45-0613-41DA-B5DF-AA1A89ADFDC5}.Debug|x86.Build.0 = Debug|Any CPU
		{81764E45-0613-41DA-B5DF-AA1A89ADFDC5}.Release|Any CPU.ActiveCfg = Release|Any CPU
		{81764E45-0613-41DA-B5DF-AA1A89ADFDC5}.Release|Any CPU.Build.0 = Release|Any CPU
		{81764E45-0613-41DA-B5DF-AA1A89ADFDC5}.Release|x64.ActiveCfg = Release|Any CPU
		{81764E45-0613-41DA-B5DF-AA1A89ADFDC5}.Release|x64.Build.0 = Release|Any CPU
		{81764E45-0613-41DA-B5DF-AA1A89ADFDC5}.Release|x86.ActiveCfg = Release|Any CPU
		{81764E45-0613-41DA-B5DF-AA1A89ADFDC5}.Release|x86.Build.0 = Release|Any CPU
		{545FF106-2801-4ADD-B098-3DEF8C1E1ACA}.Debug|Any CPU.ActiveCfg = Debug|Any CPU
		{545FF106-2801-4ADD-B098-3DEF8C1E1ACA}.Debug|Any CPU.Build.0 = Debug|Any CPU
		{545FF106-2801-4ADD-B098-3DEF8C1E1ACA}.Debug|x64.ActiveCfg = Debug|Any CPU
		{545FF106-2801-4ADD-B098-3DEF8C1E1ACA}.Debug|x64.Build.0 = Debug|Any CPU
		{545FF106-2801-4ADD-B098-3DEF8C1E1ACA}.Debug|x86.ActiveCfg = Debug|Any CPU
		{545FF106-2801-4ADD-B098-3DEF8C1E1ACA}.Debug|x86.Build.0 = Debug|Any CPU
		{545FF106-2801-4ADD-B098-3DEF8C1E1ACA}.Release|Any CPU.ActiveCfg = Release|Any CPU
		{545FF106-2801-4ADD-B098-3DEF8C1E1ACA}.Release|Any CPU.Build.0 = Release|Any CPU
		{545FF106-2801-4ADD-B098-3DEF8C1E1ACA}.Release|x64.ActiveCfg = Release|Any CPU
		{545FF106-2801-4ADD-B098-3DEF8C1E1ACA}.Release|x64.Build.0 = Release|Any CPU
		{545FF106-2801-4ADD-B098-3DEF8C1E1ACA}.Release|x86.ActiveCfg = Release|Any CPU
		{545FF106-2801-4ADD-B098-3DEF8C1E1ACA}.Release|x86.Build.0 = Release|Any CPU
		{776D982F-760F-4A3B-8621-CF7D9C477919}.Debug|Any CPU.ActiveCfg = Debug|Any CPU
		{776D982F-760F-4A3B-8621-CF7D9C477919}.Debug|Any CPU.Build.0 = Debug|Any CPU
		{776D982F-760F-4A3B-8621-CF7D9C477919}.Debug|x64.ActiveCfg = Debug|Any CPU
		{776D982F-760F-4A3B-8621-CF7D9C477919}.Debug|x64.Build.0 = Debug|Any CPU
		{776D982F-760F-4A3B-8621-CF7D9C477919}.Debug|x86.ActiveCfg = Debug|Any CPU
		{776D982F-760F-4A3B-8621-CF7D9C477919}.Debug|x86.Build.0 = Debug|Any CPU
		{776D982F-760F-4A3B-8621-CF7D9C477919}.Release|Any CPU.ActiveCfg = Release|Any CPU
		{776D982F-760F-4A3B-8621-CF7D9C477919}.Release|Any CPU.Build.0 = Release|Any CPU
		{776D982F-760F-4A3B-8621-CF7D9C477919}.Release|x64.ActiveCfg = Release|Any CPU
		{776D982F-760F-4A3B-8621-CF7D9C477919}.Release|x64.Build.0 = Release|Any CPU
		{776D982F-760F-4A3B-8621-CF7D9C477919}.Release|x86.ActiveCfg = Release|Any CPU
		{776D982F-760F-4A3B-8621-CF7D9C477919}.Release|x86.Build.0 = Release|Any CPU
		{A7DCE7E0-ECF3-40E9-B453-D0E388E4BF65}.Debug|Any CPU.ActiveCfg = Debug|Any CPU
		{A7DCE7E0-ECF3-40E9-B453-D0E388E4BF65}.Debug|Any CPU.Build.0 = Debug|Any CPU
		{A7DCE7E0-ECF3-40E9-B453-D0E388E4BF65}.Debug|x64.ActiveCfg = Debug|Any CPU
		{A7DCE7E0-ECF3-40E9-B453-D0E388E4BF65}.Debug|x64.Build.0 = Debug|Any CPU
		{A7DCE7E0-ECF3-40E9-B453-D0E388E4BF65}.Debug|x86.ActiveCfg = Debug|Any CPU
		{A7DCE7E0-ECF3-40E9-B453-D0E388E4BF65}.Debug|x86.Build.0 = Debug|Any CPU
		{A7DCE7E0-ECF3-40E9-B453-D0E388E4BF65}.Release|Any CPU.ActiveCfg = Release|Any CPU
		{A7DCE7E0-ECF3-40E9-B453-D0E388E4BF65}.Release|Any CPU.Build.0 = Release|Any CPU
		{A7DCE7E0-ECF3-40E9-B453-D0E388E4BF65}.Release|x64.ActiveCfg = Release|Any CPU
		{A7DCE7E0-ECF3-40E9-B453-D0E388E4BF65}.Release|x64.Build.0 = Release|Any CPU
		{A7DCE7E0-ECF3-40E9-B453-D0E388E4BF65}.Release|x86.ActiveCfg = Release|Any CPU
		{A7DCE7E0-ECF3-40E9-B453-D0E388E4BF65}.Release|x86.Build.0 = Release|Any CPU
		{E391F0F9-23F9-4A0B-AF82-6DE44406390E}.Debug|Any CPU.ActiveCfg = Debug|Any CPU
		{E391F0F9-23F9-4A0B-AF82-6DE44406390E}.Debug|Any CPU.Build.0 = Debug|Any CPU
		{E391F0F9-23F9-4A0B-AF82-6DE44406390E}.Debug|x64.ActiveCfg = Debug|Any CPU
		{E391F0F9-23F9-4A0B-AF82-6DE44406390E}.Debug|x64.Build.0 = Debug|Any CPU
		{E391F0F9-23F9-4A0B-AF82-6DE44406390E}.Debug|x86.ActiveCfg = Debug|Any CPU
		{E391F0F9-23F9-4A0B-AF82-6DE44406390E}.Debug|x86.Build.0 = Debug|Any CPU
		{E391F0F9-23F9-4A0B-AF82-6DE44406390E}.Release|Any CPU.ActiveCfg = Release|Any CPU
		{E391F0F9-23F9-4A0B-AF82-6DE44406390E}.Release|Any CPU.Build.0 = Release|Any CPU
		{E391F0F9-23F9-4A0B-AF82-6DE44406390E}.Release|x64.ActiveCfg = Release|Any CPU
		{E391F0F9-23F9-4A0B-AF82-6DE44406390E}.Release|x64.Build.0 = Release|Any CPU
		{E391F0F9-23F9-4A0B-AF82-6DE44406390E}.Release|x86.ActiveCfg = Release|Any CPU
		{E391F0F9-23F9-4A0B-AF82-6DE44406390E}.Release|x86.Build.0 = Release|Any CPU
	EndGlobalSection
	GlobalSection(SolutionProperties) = preSolution
		HideSolutionNode = FALSE
	EndGlobalSection
	GlobalSection(ExtensibilityGlobals) = postSolution
		SolutionGuid = {3620AC16-4B1D-4C01-B614-A63B03D4D685}
	EndGlobalSection
EndGlobal
